
Microsoft Visual Studio Solution File, Format Version 12.00
# Visual Studio Version 17
VisualStudioVersion = 17.9.34728.123
MinimumVisualStudioVersion = 10.0.40219.1
Project("{FAE04EC0-301F-11D3-BF4B-00C04F79EFBC}") = "AwsEc2Subtask4", "AwsEc2Subtask4.csproj", "{1784EC53-3721-4909-920F-690DFFCE98CA}"
EndProject
Global
	GlobalSection(SolutionConfigurationPlatforms) = preSolution
		Debug|Any CPU = Debug|Any CPU
		Release|Any CPU = Release|Any CPU
	EndGlobalSection
	GlobalSection(ProjectConfigurationPlatforms) = postSolution
		{1784EC53-3721-4909-920F-690DFFCE98CA}.Debug|Any CPU.ActiveCfg = Debug|Any CPU
		{1784EC53-3721-4909-920F-690DFFCE98CA}.Debug|Any CPU.Build.0 = Debug|Any CPU
		{1784EC53-3721-4909-920F-690DFFCE98CA}.Release|Any CPU.ActiveCfg = Release|Any CPU
		{1784EC53-3721-4909-920F-690DFFCE98CA}.Release|Any CPU.Build.0 = Release|Any CPU
	EndGlobalSection
	GlobalSection(SolutionProperties) = preSolution
		HideSolutionNode = FALSE
	EndGlobalSection
	GlobalSection(ExtensibilityGlobals) = postSolution
		SolutionGuid = {C8B3C6CB-FEF3-4185-BD61-97575C1E7B78}
	EndGlobalSection
EndGlobal
